{
  "name": "Personal",
  "requires": true,
  "lockfileVersion": 1,
  "dependencies": {
    "rellax": {
      "version": "1.6.0",
      "resolved": "https://registry.npmjs.org/rellax/-/rellax-1.6.0.tgz",
      "integrity": "sha512-sKdaLKI7tpIeIZ64PRnC1EAy404wFcdpKqUyMU5Zhgeyv5UGQZ+XQqwuBuvDMz6J22VSiXj/z7Avg3bSnuzu5g=="
    }
  }
}
