{
  "name": "Personal",
  "requires": true,
  "lockfileVersion": 1,
  "dependencies": {
    "bindall-standalone": {
      "version": "1.0.5",
      "resolved": "https://registry.npmjs.org/bindall-standalone/-/bindall-standalone-1.0.5.tgz",
      "integrity": "sha1-90MDiPHH+amt4Px1pADnEPZpKh0="
    },
    "dom-classes": {
      "version": "github:npm-dom/dom-classes#e6bdd52b7aaabb2420c8554e626ddcc924d750e1",
      "requires": {
        "indexof": "0.0.1"
      }
    },
    "dom-create-element": {
      "version": "1.0.2",
      "resolved": "https://registry.npmjs.org/dom-create-element/-/dom-create-element-1.0.2.tgz",
      "integrity": "sha1-nsiey1AaIQSHV34eAM7g1OybXHc="
    },
    "dom-events": {
      "version": "0.1.1",
      "resolved": "https://registry.npmjs.org/dom-events/-/dom-events-0.1.1.tgz",
      "integrity": "sha1-HQZZiuxc3T1dwwx7MKhXsLF0yYc=",
      "requires": {
        "synthetic-dom-events": "0.1.1"
      }
    },
    "indexof": {
      "version": "0.0.1",
      "resolved": "https://registry.npmjs.org/indexof/-/indexof-0.0.1.tgz",
      "integrity": "sha1-gtwzbSMrkGIXnQWrMpOmYFn9Q10="
    },
    "lethargy": {
      "version": "1.0.4",
      "resolved": "https://registry.npmjs.org/lethargy/-/lethargy-1.0.4.tgz",
      "integrity": "sha1-RZ38WqSaEO+QVjALkOwDqI47mK8="
    },
    "object-assign": {
      "version": "4.1.1",
      "resolved": "https://registry.npmjs.org/object-assign/-/object-assign-4.1.1.tgz",
      "integrity": "sha1-IQmtx5ZYh8/AXLvUQsrIv7s2CGM="
    },
    "prefix": {
      "version": "1.0.0",
      "resolved": "https://registry.npmjs.org/prefix/-/prefix-1.0.0.tgz",
      "integrity": "sha1-8SvK6gPlgL55Kfs2XDARhFWKA1Y="
    },
    "rellax": {
      "version": "1.6.0",
      "resolved": "https://registry.npmjs.org/rellax/-/rellax-1.6.0.tgz",
      "integrity": "sha512-sKdaLKI7tpIeIZ64PRnC1EAy404wFcdpKqUyMU5Zhgeyv5UGQZ+XQqwuBuvDMz6J22VSiXj/z7Avg3bSnuzu5g=="
    },
    "smooth-scroll": {
      "version": "12.1.5",
      "resolved": "https://registry.npmjs.org/smooth-scroll/-/smooth-scroll-12.1.5.tgz",
      "integrity": "sha1-ttjeyjcant1eo60pHvD7fnQe1B4="
    },
    "smooth-scrolling": {
      "version": "2.3.9",
      "resolved": "https://registry.npmjs.org/smooth-scrolling/-/smooth-scrolling-2.3.9.tgz",
      "integrity": "sha1-je9RvyPG+JTNW93W5oO4G0cMyRs=",
      "requires": {
        "dom-classes": "github:npm-dom/dom-classes#e6bdd52b7aaabb2420c8554e626ddcc924d750e1",
        "dom-create-element": "1.0.2",
        "dom-events": "0.1.1",
        "prefix": "1.0.0",
        "virtual-scroll": "1.3.1"
      }
    },
    "sweet-scroll": {
      "version": "3.0.1",
      "resolved": "https://registry.npmjs.org/sweet-scroll/-/sweet-scroll-3.0.1.tgz",
      "integrity": "sha512-jjBkRZ22ojwwYRtraRL5IlR9LHaa+GmhXMnz1TaqeCL5xdiMCZ86fNBilbF3WHz9sab2ihmCX3BiIZI6FmpAPg=="
    },
    "synthetic-dom-events": {
      "version": "0.1.1",
      "resolved": "https://registry.npmjs.org/synthetic-dom-events/-/synthetic-dom-events-0.1.1.tgz",
      "integrity": "sha1-OkUqludZx6eailqSUpEvcG57bW8="
    },
    "tiny-emitter": {
      "version": "1.2.0",
      "resolved": "https://registry.npmjs.org/tiny-emitter/-/tiny-emitter-1.2.0.tgz",
      "integrity": "sha1-bchFBSywjr78GHRyO1jySmSMO28="
    },
    "virtual-scroll": {
      "version": "1.3.1",
      "resolved": "https://registry.npmjs.org/virtual-scroll/-/virtual-scroll-1.3.1.tgz",
      "integrity": "sha512-dC6ebVO0wyBugJbcBiicJdBla1v+6OTJGFP+UAh5N6Z6SMfGvXlKOAhm2mBQ/X2T5dOhlXs+/OlA9izY9MP9KA==",
      "requires": {
        "bindall-standalone": "1.0.5",
        "lethargy": "1.0.4",
        "object-assign": "4.1.1",
        "tiny-emitter": "1.2.0"
      }
    }
  }
}
